
Microsoft Visual Studio Solution File, Format Version 12.00
# Visual Studio Version 16
VisualStudioVersion = 16.0.32510.428
MinimumVisualStudioVersion = 10.0.40219.1
Project("{FAE04EC0-301F-11D3-BF4B-00C04F79EFBC}") = "Users.Api", "Users.Api\Users.Api.csproj", "{BB1D75AD-A280-4227-BB93-ED0DF41C3B2E}"
EndProject
Project("{FAE04EC0-301F-11D3-BF4B-00C04F79EFBC}") = "Users.BLL", "Users.BLL\Users.BLL.csproj", "{96A48A7D-346A-4B7B-917E-EE7E98731EB4}"
EndProject
Project("{FAE04EC0-301F-11D3-BF4B-00C04F79EFBC}") = "Users.DAL", "Users.DAL\Users.DAL.csproj", "{1D5955EF-BC51-4319-8349-F0CBBD726E4E}"
EndProject
Global
	GlobalSection(SolutionConfigurationPlatforms) = preSolution
		Debug|Any CPU = Debug|Any CPU
		Release|Any CPU = Release|Any CPU
	EndGlobalSection
	GlobalSection(ProjectConfigurationPlatforms) = postSolution
		{BB1D75AD-A280-4227-BB93-ED0DF41C3B2E}.Debug|Any CPU.ActiveCfg = Debug|Any CPU
		{BB1D75AD-A280-4227-BB93-ED0DF41C3B2E}.Debug|Any CPU.Build.0 = Debug|Any CPU
		{BB1D75AD-A280-4227-BB93-ED0DF41C3B2E}.Release|Any CPU.ActiveCfg = Release|Any CPU
		{BB1D75AD-A280-4227-BB93-ED0DF41C3B2E}.Release|Any CPU.Build.0 = Release|Any CPU
		{96A48A7D-346A-4B7B-917E-EE7E98731EB4}.Debug|Any CPU.ActiveCfg = Debug|Any CPU
		{96A48A7D-346A-4B7B-917E-EE7E98731EB4}.Debug|Any CPU.Build.0 = Debug|Any CPU
		{96A48A7D-346A-4B7B-917E-EE7E98731EB4}.Release|Any CPU.ActiveCfg = Release|Any CPU
		{96A48A7D-346A-4B7B-917E-EE7E98731EB4}.Release|Any CPU.Build.0 = Release|Any CPU
		{1D5955EF-BC51-4319-8349-F0CBBD726E4E}.Debug|Any CPU.ActiveCfg = Debug|Any CPU
		{1D5955EF-BC51-4319-8349-F0CBBD726E4E}.Debug|Any CPU.Build.0 = Debug|Any CPU
		{1D5955EF-BC51-4319-8349-F0CBBD726E4E}.Release|Any CPU.ActiveCfg = Release|Any CPU
		{1D5955EF-BC51-4319-8349-F0CBBD726E4E}.Release|Any CPU.Build.0 = Release|Any CPU
	EndGlobalSection
	GlobalSection(SolutionProperties) = preSolution
		HideSolutionNode = FALSE
	EndGlobalSection
	GlobalSection(ExtensibilityGlobals) = postSolution
		SolutionGuid = {D23F4917-CEBD-42FF-8225-8F4D710B46B0}
	EndGlobalSection
EndGlobal
